
Microsoft Visual Studio Solution File, Format Version 12.00
# Visual Studio Version 17
VisualStudioVersion = 17.12.35707.178 d17.12
MinimumVisualStudioVersion = 10.0.40219.1
Project("{FAE04EC0-301F-11D3-BF4B-00C04F79EFBC}") = "TheVariableShop", "TheVariableShop.csproj", "{F159807D-9893-4DDF-AE08-7E110A6D5FBC}"
EndProject
Global
	GlobalSection(SolutionConfigurationPlatforms) = preSolution
		Debug|Any CPU = Debug|Any CPU
		Release|Any CPU = Release|Any CPU
	EndGlobalSection
	GlobalSection(ProjectConfigurationPlatforms) = postSolution
		{F159807D-9893-4DDF-AE08-7E110A6D5FBC}.Debug|Any CPU.ActiveCfg = Debug|Any CPU
		{F159807D-9893-4DDF-AE08-7E110A6D5FBC}.Debug|Any CPU.Build.0 = Debug|Any CPU
		{F159807D-9893-4DDF-AE08-7E110A6D5FBC}.Release|Any CPU.ActiveCfg = Release|Any CPU
		{F159807D-9893-4DDF-AE08-7E110A6D5FBC}.Release|Any CPU.Build.0 = Release|Any CPU
	EndGlobalSection
	GlobalSection(SolutionProperties) = preSolution
		HideSolutionNode = FALSE
	EndGlobalSection
EndGlobal
