
Microsoft Visual Studio Solution File, Format Version 12.00
# Visual Studio Version 17
VisualStudioVersion = 17.14.36221.1 d17.14
MinimumVisualStudioVersion = 10.0.40219.1
Project("{FAE04EC0-301F-11D3-BF4B-00C04F79EFBC}") = "HelloWorld", "HelloWorld\HelloWorld.csproj", "{97C2D5BC-E7D1-471E-B1F7-D8D112C23DEF}"
EndProject
Global
	GlobalSection(SolutionConfigurationPlatforms) = preSolution
		Debug|Any CPU = Debug|Any CPU
		Release|Any CPU = Release|Any CPU
	EndGlobalSection
	GlobalSection(ProjectConfigurationPlatforms) = postSolution
		{97C2D5BC-E7D1-471E-B1F7-D8D112C23DEF}.Debug|Any CPU.ActiveCfg = Debug|Any CPU
		{97C2D5BC-E7D1-471E-B1F7-D8D112C23DEF}.Debug|Any CPU.Build.0 = Debug|Any CPU
		{97C2D5BC-E7D1-471E-B1F7-D8D112C23DEF}.Release|Any CPU.ActiveCfg = Release|Any CPU
		{97C2D5BC-E7D1-471E-B1F7-D8D112C23DEF}.Release|Any CPU.Build.0 = Release|Any CPU
	EndGlobalSection
	GlobalSection(SolutionProperties) = preSolution
		HideSolutionNode = FALSE
	EndGlobalSection
	GlobalSection(ExtensibilityGlobals) = postSolution
		SolutionGuid = {10B79FC0-527C-4D73-AB02-D04A8FF1DEDE}
	EndGlobalSection
EndGlobal
